
Microsoft Visual Studio Solution File, Format Version 12.00
# Visual Studio 15
Project("{FAE04EC0-301F-11D3-BF4B-00C04F79EFBC}") = "Assembly-CSharp", "Assembly-CSharp.csproj", "{9FAEE208-B2F3-63C1-9E7F-A5C9CC77AEB5}"
EndProject
Project("{FAE04EC0-301F-11D3-BF4B-00C04F79EFBC}") = "Nobi.UiRoundedCorners", "Nobi.UiRoundedCorners.csproj", "{52ACB811-F8CC-1A09-4EEF-3E56CD606B45}"
EndProject
Project("{FAE04EC0-301F-11D3-BF4B-00C04F79EFBC}") = "Assembly-CSharp-firstpass", "Assembly-CSharp-firstpass.csproj", "{3972CDF3-9C15-EFFB-DCF5-E0E6A921E809}"
EndProject
Project("{FAE04EC0-301F-11D3-BF4B-00C04F79EFBC}") = "Nobi.UiRoundedCorners.Editor", "Nobi.UiRoundedCorners.Editor.csproj", "{1BE9634D-875A-3851-577C-C4E096ECF81E}"
EndProject
Global
	GlobalSection(SolutionConfigurationPlatforms) = preSolution
		Debug|Any CPU = Debug|Any CPU
		Release|Any CPU = Release|Any CPU
	EndGlobalSection
	GlobalSection(ProjectConfigurationPlatforms) = postSolution
		{9FAEE208-B2F3-63C1-9E7F-A5C9CC77AEB5}.Debug|Any CPU.ActiveCfg = Debug|Any CPU
		{9FAEE208-B2F3-63C1-9E7F-A5C9CC77AEB5}.Debug|Any CPU.Build.0 = Debug|Any CPU
		{9FAEE208-B2F3-63C1-9E7F-A5C9CC77AEB5}.Release|Any CPU.ActiveCfg = Release|Any CPU
		{9FAEE208-B2F3-63C1-9E7F-A5C9CC77AEB5}.Release|Any CPU.Build.0 = Release|Any CPU
		{52ACB811-F8CC-1A09-4EEF-3E56CD606B45}.Debug|Any CPU.ActiveCfg = Debug|Any CPU
		{52ACB811-F8CC-1A09-4EEF-3E56CD606B45}.Debug|Any CPU.Build.0 = Debug|Any CPU
		{52ACB811-F8CC-1A09-4EEF-3E56CD606B45}.Release|Any CPU.ActiveCfg = Release|Any CPU
		{52ACB811-F8CC-1A09-4EEF-3E56CD606B45}.Release|Any CPU.Build.0 = Release|Any CPU
		{3972CDF3-9C15-EFFB-DCF5-E0E6A921E809}.Debug|Any CPU.ActiveCfg = Debug|Any CPU
		{3972CDF3-9C15-EFFB-DCF5-E0E6A921E809}.Debug|Any CPU.Build.0 = Debug|Any CPU
		{3972CDF3-9C15-EFFB-DCF5-E0E6A921E809}.Release|Any CPU.ActiveCfg = Release|Any CPU
		{3972CDF3-9C15-EFFB-DCF5-E0E6A921E809}.Release|Any CPU.Build.0 = Release|Any CPU
		{1BE9634D-875A-3851-577C-C4E096ECF81E}.Debug|Any CPU.ActiveCfg = Debug|Any CPU
		{1BE9634D-875A-3851-577C-C4E096ECF81E}.Debug|Any CPU.Build.0 = Debug|Any CPU
		{1BE9634D-875A-3851-577C-C4E096ECF81E}.Release|Any CPU.ActiveCfg = Release|Any CPU
		{1BE9634D-875A-3851-577C-C4E096ECF81E}.Release|Any CPU.Build.0 = Release|Any CPU
	EndGlobalSection
	GlobalSection(SolutionProperties) = preSolution
		HideSolutionNode = FALSE
	EndGlobalSection
EndGlobal
